
Microsoft Visual Studio Solution File, Format Version 12.00
# Visual Studio 15
VisualStudioVersion = 15.0.27428.2037
MinimumVisualStudioVersion = 10.0.40219.1
Project("{FAE04EC0-301F-11D3-BF4B-00C04F79EFBC}") = "Lands.Android", "Lands\Lands.Android\Lands.Android.csproj", "{5615CEF2-5B3D-4A4F-AF3C-B48A2B71B513}"
EndProject
Project("{FAE04EC0-301F-11D3-BF4B-00C04F79EFBC}") = "Lands.iOS", "Lands\Lands.iOS\Lands.iOS.csproj", "{3B336BC6-C6C3-4B1E-B07C-F6BABCB7D8AA}"
EndProject
Project("{FAE04EC0-301F-11D3-BF4B-00C04F79EFBC}") = "Lands", "Lands\Lands\Lands.csproj", "{77627E2D-46B9-47B4-8131-4D96CFF6F104}"
EndProject
Global
	GlobalSection(SolutionConfigurationPlatforms) = preSolution
		Ad-Hoc|Any CPU = Ad-Hoc|Any CPU
		Ad-Hoc|iPhone = Ad-Hoc|iPhone
		Ad-Hoc|iPhoneSimulator = Ad-Hoc|iPhoneSimulator
		AppStore|Any CPU = AppStore|Any CPU
		AppStore|iPhone = AppStore|iPhone
		AppStore|iPhoneSimulator = AppStore|iPhoneSimulator
		Debug|Any CPU = Debug|Any CPU
		Debug|iPhone = Debug|iPhone
		Debug|iPhoneSimulator = Debug|iPhoneSimulator
		Release|Any CPU = Release|Any CPU
		Release|iPhone = Release|iPhone
		Release|iPhoneSimulator = Release|iPhoneSimulator
	EndGlobalSection
	GlobalSection(ProjectConfigurationPlatforms) = postSolution
		{5615CEF2-5B3D-4A4F-AF3C-B48A2B71B513}.Ad-Hoc|Any CPU.ActiveCfg = Release|Any CPU
		{5615CEF2-5B3D-4A4F-AF3C-B48A2B71B513}.Ad-Hoc|Any CPU.Build.0 = Release|Any CPU
		{5615CEF2-5B3D-4A4F-AF3C-B48A2B71B513}.Ad-Hoc|Any CPU.Deploy.0 = Release|Any CPU
		{5615CEF2-5B3D-4A4F-AF3C-B48A2B71B513}.Ad-Hoc|iPhone.ActiveCfg = Release|Any CPU
		{5615CEF2-5B3D-4A4F-AF3C-B48A2B71B513}.Ad-Hoc|iPhone.Build.0 = Release|Any CPU
		{5615CEF2-5B3D-4A4F-AF3C-B48A2B71B513}.Ad-Hoc|iPhone.Deploy.0 = Release|Any CPU
		{5615CEF2-5B3D-4A4F-AF3C-B48A2B71B513}.Ad-Hoc|iPhoneSimulator.ActiveCfg = Release|Any CPU
		{5615CEF2-5B3D-4A4F-AF3C-B48A2B71B513}.Ad-Hoc|iPhoneSimulator.Build.0 = Release|Any CPU
		{5615CEF2-5B3D-4A4F-AF3C-B48A2B71B513}.Ad-Hoc|iPhoneSimulator.Deploy.0 = Release|Any CPU
		{5615CEF2-5B3D-4A4F-AF3C-B48A2B71B513}.AppStore|Any CPU.ActiveCfg = Release|Any CPU
		{5615CEF2-5B3D-4A4F-AF3C-B48A2B71B513}.AppStore|Any CPU.Build.0 = Release|Any CPU
		{5615CEF2-5B3D-4A4F-AF3C-B48A2B71B513}.AppStore|Any CPU.Deploy.0 = Release|Any CPU
		{5615CEF2-5B3D-4A4F-AF3C-B48A2B71B513}.AppStore|iPhone.ActiveCfg = Release|Any CPU
		{5615CEF2-5B3D-4A4F-AF3C-B48A2B71B513}.AppStore|iPhone.Build.0 = Release|Any CPU
		{5615CEF2-5B3D-4A4F-AF3C-B48A2B71B513}.AppStore|iPhone.Deploy.0 = Release|Any CPU
		{5615CEF2-5B3D-4A4F-AF3C-B48A2B71B513}.AppStore|iPhoneSimulator.ActiveCfg = Release|Any CPU
		{5615CEF2-5B3D-4A4F-AF3C-B48A2B71B513}.AppStore|iPhoneSimulator.Build.0 = Release|Any CPU
		{5615CEF2-5B3D-4A4F-AF3C-B48A2B71B513}.AppStore|iPhoneSimulator.Deploy.0 = Release|Any CPU
		{5615CEF2-5B3D-4A4F-AF3C-B48A2B71B513}.Debug|Any CPU.ActiveCfg = Debug|Any CPU
		{5615CEF2-5B3D-4A4F-AF3C-B48A2B71B513}.Debug|Any CPU.Build.0 = Debug|Any CPU
		{5615CEF2-5B3D-4A4F-AF3C-B48A2B71B513}.Debug|Any CPU.Deploy.0 = Debug|Any CPU
		{5615CEF2-5B3D-4A4F-AF3C-B48A2B71B513}.Debug|iPhone.ActiveCfg = Debug|Any CPU
		{5615CEF2-5B3D-4A4F-AF3C-B48A2B71B513}.Debug|iPhone.Build.0 = Debug|Any CPU
		{5615CEF2-5B3D-4A4F-AF3C-B48A2B71B513}.Debug|iPhone.Deploy.0 = Debug|Any CPU
		{5615CEF2-5B3D-4A4F-AF3C-B48A2B71B513}.Debug|iPhoneSimulator.ActiveCfg = Debug|Any CPU
		{5615CEF2-5B3D-4A4F-AF3C-B48A2B71B513}.Debug|iPhoneSimulator.Build.0 = Debug|Any CPU
		{5615CEF2-5B3D-4A4F-AF3C-B48A2B71B513}.Debug|iPhoneSimulator.Deploy.0 = Debug|Any CPU
		{5615CEF2-5B3D-4A4F-AF3C-B48A2B71B513}.Release|Any CPU.ActiveCfg = Release|Any CPU
		{5615CEF2-5B3D-4A4F-AF3C-B48A2B71B513}.Release|Any CPU.Build.0 = Release|Any CPU
		{5615CEF2-5B3D-4A4F-AF3C-B48A2B71B513}.Release|Any CPU.Deploy.0 = Release|Any CPU
		{5615CEF2-5B3D-4A4F-AF3C-B48A2B71B513}.Release|iPhone.ActiveCfg = Release|Any CPU
		{5615CEF2-5B3D-4A4F-AF3C-B48A2B71B513}.Release|iPhone.Build.0 = Release|Any CPU
		{5615CEF2-5B3D-4A4F-AF3C-B48A2B71B513}.Release|iPhone.Deploy.0 = Release|Any CPU
		{5615CEF2-5B3D-4A4F-AF3C-B48A2B71B513}.Release|iPhoneSimulator.ActiveCfg = Release|Any CPU
		{5615CEF2-5B3D-4A4F-AF3C-B48A2B71B513}.Release|iPhoneSimulator.Build.0 = Release|Any CPU
		{5615CEF2-5B3D-4A4F-AF3C-B48A2B71B513}.Release|iPhoneSimulator.Deploy.0 = Release|Any CPU
		{3B336BC6-C6C3-4B1E-B07C-F6BABCB7D8AA}.Ad-Hoc|Any CPU.ActiveCfg = Ad-Hoc|iPhone
		{3B336BC6-C6C3-4B1E-B07C-F6BABCB7D8AA}.Ad-Hoc|iPhone.ActiveCfg = Ad-Hoc|iPhone
		{3B336BC6-C6C3-4B1E-B07C-F6BABCB7D8AA}.Ad-Hoc|iPhone.Build.0 = Ad-Hoc|iPhone
		{3B336BC6-C6C3-4B1E-B07C-F6BABCB7D8AA}.Ad-Hoc|iPhoneSimulator.ActiveCfg = Ad-Hoc|iPhoneSimulator
		{3B336BC6-C6C3-4B1E-B07C-F6BABCB7D8AA}.Ad-Hoc|iPhoneSimulator.Build.0 = Ad-Hoc|iPhoneSimulator
		{3B336BC6-C6C3-4B1E-B07C-F6BABCB7D8AA}.AppStore|Any CPU.ActiveCfg = AppStore|iPhone
		{3B336BC6-C6C3-4B1E-B07C-F6BABCB7D8AA}.AppStore|iPhone.ActiveCfg = AppStore|iPhone
		{3B336BC6-C6C3-4B1E-B07C-F6BABCB7D8AA}.AppStore|iPhone.Build.0 = AppStore|iPhone
		{3B336BC6-C6C3-4B1E-B07C-F6BABCB7D8AA}.AppStore|iPhoneSimulator.ActiveCfg = AppStore|iPhoneSimulator
		{3B336BC6-C6C3-4B1E-B07C-F6BABCB7D8AA}.AppStore|iPhoneSimulator.Build.0 = AppStore|iPhoneSimulator
		{3B336BC6-C6C3-4B1E-B07C-F6BABCB7D8AA}.Debug|Any CPU.ActiveCfg = Debug|iPhone
		{3B336BC6-C6C3-4B1E-B07C-F6BABCB7D8AA}.Debug|iPhone.ActiveCfg = Debug|iPhone
		{3B336BC6-C6C3-4B1E-B07C-F6BABCB7D8AA}.Debug|iPhone.Build.0 = Debug|iPhone
		{3B336BC6-C6C3-4B1E-B07C-F6BABCB7D8AA}.Debug|iPhoneSimulator.ActiveCfg = Debug|iPhoneSimulator
		{3B336BC6-C6C3-4B1E-B07C-F6BABCB7D8AA}.Debug|iPhoneSimulator.Build.0 = Debug|iPhoneSimulator
		{3B336BC6-C6C3-4B1E-B07C-F6BABCB7D8AA}.Release|Any CPU.ActiveCfg = Release|iPhone
		{3B336BC6-C6C3-4B1E-B07C-F6BABCB7D8AA}.Release|iPhone.ActiveCfg = Release|iPhone
		{3B336BC6-C6C3-4B1E-B07C-F6BABCB7D8AA}.Release|iPhone.Build.0 = Release|iPhone
		{3B336BC6-C6C3-4B1E-B07C-F6BABCB7D8AA}.Release|iPhoneSimulator.ActiveCfg = Release|iPhoneSimulator
		{3B336BC6-C6C3-4B1E-B07C-F6BABCB7D8AA}.Release|iPhoneSimulator.Build.0 = Release|iPhoneSimulator
		{77627E2D-46B9-47B4-8131-4D96CFF6F104}.Ad-Hoc|Any CPU.ActiveCfg = Debug|Any CPU
		{77627E2D-46B9-47B4-8131-4D96CFF6F104}.Ad-Hoc|Any CPU.Build.0 = Debug|Any CPU
		{77627E2D-46B9-47B4-8131-4D96CFF6F104}.Ad-Hoc|iPhone.ActiveCfg = Debug|Any CPU
		{77627E2D-46B9-47B4-8131-4D96CFF6F104}.Ad-Hoc|iPhone.Build.0 = Debug|Any CPU
		{77627E2D-46B9-47B4-8131-4D96CFF6F104}.Ad-Hoc|iPhoneSimulator.ActiveCfg = Debug|Any CPU
		{77627E2D-46B9-47B4-8131-4D96CFF6F104}.Ad-Hoc|iPhoneSimulator.Build.0 = Debug|Any CPU
		{77627E2D-46B9-47B4-8131-4D96CFF6F104}.AppStore|Any CPU.ActiveCfg = Debug|Any CPU
		{77627E2D-46B9-47B4-8131-4D96CFF6F104}.AppStore|Any CPU.Build.0 = Debug|Any CPU
		{77627E2D-46B9-47B4-8131-4D96CFF6F104}.AppStore|iPhone.ActiveCfg = Debug|Any CPU
		{77627E2D-46B9-47B4-8131-4D96CFF6F104}.AppStore|iPhone.Build.0 = Debug|Any CPU
		{77627E2D-46B9-47B4-8131-4D96CFF6F104}.AppStore|iPhoneSimulator.ActiveCfg = Debug|Any CPU
		{77627E2D-46B9-47B4-8131-4D96CFF6F104}.AppStore|iPhoneSimulator.Build.0 = Debug|Any CPU
		{77627E2D-46B9-47B4-8131-4D96CFF6F104}.Debug|Any CPU.ActiveCfg = Debug|Any CPU
		{77627E2D-46B9-47B4-8131-4D96CFF6F104}.Debug|Any CPU.Build.0 = Debug|Any CPU
		{77627E2D-46B9-47B4-8131-4D96CFF6F104}.Debug|iPhone.ActiveCfg = Debug|Any CPU
		{77627E2D-46B9-47B4-8131-4D96CFF6F104}.Debug|iPhone.Build.0 = Debug|Any CPU
		{77627E2D-46B9-47B4-8131-4D96CFF6F104}.Debug|iPhoneSimulator.ActiveCfg = Debug|Any CPU
		{77627E2D-46B9-47B4-8131-4D96CFF6F104}.Debug|iPhoneSimulator.Build.0 = Debug|Any CPU
		{77627E2D-46B9-47B4-8131-4D96CFF6F104}.Release|Any CPU.ActiveCfg = Release|Any CPU
		{77627E2D-46B9-47B4-8131-4D96CFF6F104}.Release|Any CPU.Build.0 = Release|Any CPU
		{77627E2D-46B9-47B4-8131-4D96CFF6F104}.Release|iPhone.ActiveCfg = Release|Any CPU
		{77627E2D-46B9-47B4-8131-4D96CFF6F104}.Release|iPhone.Build.0 = Release|Any CPU
		{77627E2D-46B9-47B4-8131-4D96CFF6F104}.Release|iPhoneSimulator.ActiveCfg = Release|Any CPU
		{77627E2D-46B9-47B4-8131-4D96CFF6F104}.Release|iPhoneSimulator.Build.0 = Release|Any CPU
	EndGlobalSection
	GlobalSection(SolutionProperties) = preSolution
		HideSolutionNode = FALSE
	EndGlobalSection
	GlobalSection(ExtensibilityGlobals) = postSolution
		SolutionGuid = {D0CC240F-1DD7-46F0-9867-136404E6830A}
	EndGlobalSection
EndGlobal
