
Microsoft Visual Studio Solution File, Format Version 12.00
# Visual Studio 15
VisualStudioVersion = 15.0.27428.2037
MinimumVisualStudioVersion = 10.0.40219.1
Project("{FAE04EC0-301F-11D3-BF4B-00C04F79EFBC}") = "Lands.Android", "Lands\Lands.Android\Lands.Android.csproj", "{CFD36A10-905E-49C9-A35A-6F183EEB0E0F}"
EndProject
Project("{9A19103F-16F7-4668-BE54-9A1E7A4F7556}") = "Lands", "Lands\Lands\Lands.csproj", "{1F5075A2-BBFC-4220-8396-157DEDC1D345}"
EndProject
Project("{FAE04EC0-301F-11D3-BF4B-00C04F79EFBC}") = "Lands.Backend", "Lands.Backend\Lands.Backend.csproj", "{560ACE45-A66B-4BF3-8301-25A37745A003}"
EndProject
Project("{FAE04EC0-301F-11D3-BF4B-00C04F79EFBC}") = "Lands.API", "Lands.API\Lands.API.csproj", "{6497B29F-F2C2-4334-9848-CEB9854907C1}"
EndProject
Project("{FAE04EC0-301F-11D3-BF4B-00C04F79EFBC}") = "Lands.Domain", "Lands.Domain\Lands.Domain.csproj", "{F9C69264-5BBC-4B04-86B8-CE7DCC5015BA}"
EndProject
Global
	GlobalSection(SolutionConfigurationPlatforms) = preSolution
		Debug|Any CPU = Debug|Any CPU
		Release|Any CPU = Release|Any CPU
	EndGlobalSection
	GlobalSection(ProjectConfigurationPlatforms) = postSolution
		{CFD36A10-905E-49C9-A35A-6F183EEB0E0F}.Debug|Any CPU.ActiveCfg = Debug|Any CPU
		{CFD36A10-905E-49C9-A35A-6F183EEB0E0F}.Debug|Any CPU.Build.0 = Debug|Any CPU
		{CFD36A10-905E-49C9-A35A-6F183EEB0E0F}.Debug|Any CPU.Deploy.0 = Debug|Any CPU
		{CFD36A10-905E-49C9-A35A-6F183EEB0E0F}.Release|Any CPU.ActiveCfg = Release|Any CPU
		{CFD36A10-905E-49C9-A35A-6F183EEB0E0F}.Release|Any CPU.Build.0 = Release|Any CPU
		{CFD36A10-905E-49C9-A35A-6F183EEB0E0F}.Release|Any CPU.Deploy.0 = Release|Any CPU
		{1F5075A2-BBFC-4220-8396-157DEDC1D345}.Debug|Any CPU.ActiveCfg = Debug|Any CPU
		{1F5075A2-BBFC-4220-8396-157DEDC1D345}.Debug|Any CPU.Build.0 = Debug|Any CPU
		{1F5075A2-BBFC-4220-8396-157DEDC1D345}.Release|Any CPU.ActiveCfg = Release|Any CPU
		{1F5075A2-BBFC-4220-8396-157DEDC1D345}.Release|Any CPU.Build.0 = Release|Any CPU
		{560ACE45-A66B-4BF3-8301-25A37745A003}.Debug|Any CPU.ActiveCfg = Debug|Any CPU
		{560ACE45-A66B-4BF3-8301-25A37745A003}.Debug|Any CPU.Build.0 = Debug|Any CPU
		{560ACE45-A66B-4BF3-8301-25A37745A003}.Release|Any CPU.ActiveCfg = Release|Any CPU
		{560ACE45-A66B-4BF3-8301-25A37745A003}.Release|Any CPU.Build.0 = Release|Any CPU
		{6497B29F-F2C2-4334-9848-CEB9854907C1}.Debug|Any CPU.ActiveCfg = Debug|Any CPU
		{6497B29F-F2C2-4334-9848-CEB9854907C1}.Debug|Any CPU.Build.0 = Debug|Any CPU
		{6497B29F-F2C2-4334-9848-CEB9854907C1}.Release|Any CPU.ActiveCfg = Release|Any CPU
		{6497B29F-F2C2-4334-9848-CEB9854907C1}.Release|Any CPU.Build.0 = Release|Any CPU
		{F9C69264-5BBC-4B04-86B8-CE7DCC5015BA}.Debug|Any CPU.ActiveCfg = Debug|Any CPU
		{F9C69264-5BBC-4B04-86B8-CE7DCC5015BA}.Debug|Any CPU.Build.0 = Debug|Any CPU
		{F9C69264-5BBC-4B04-86B8-CE7DCC5015BA}.Release|Any CPU.ActiveCfg = Release|Any CPU
		{F9C69264-5BBC-4B04-86B8-CE7DCC5015BA}.Release|Any CPU.Build.0 = Release|Any CPU
	EndGlobalSection
	GlobalSection(SolutionProperties) = preSolution
		HideSolutionNode = FALSE
	EndGlobalSection
	GlobalSection(ExtensibilityGlobals) = postSolution
		SolutionGuid = {1588E438-DE95-4B32-A622-DD4A6A17774F}
	EndGlobalSection
EndGlobal
